# This file is autogenerated, do not edit; changes may be undone by the next 'dep ensure'.


[[projects]]
  branch = "master"
  name = "gonum.org/v1/gonum"
  packages = [
    "blas",
    "blas/blas64",
    "blas/gonum",
    "floats",
    "internal/asm/c128",
    "internal/asm/f32",
    "internal/asm/f64",
    "internal/math32",
    "lapack",
    "lapack/gonum",
    "lapack/lapack64",
    "mat",
    "stat"
  ]
  revision = "b9db25a6108c6c2c7548c37d279f0187b46cfcbe"

[solve-meta]
  analyzer-name = "dep"
  analyzer-version = 1
  inputs-digest = "217ee2fc27114bf4b701bd94d1eba2cb7963048dfcf104c11df24b8626bb9d07"
  solver-name = "gps-cdcl"
  solver-version = 1
